
Microsoft Visual Studio Solution File, Format Version 12.00
# Visual Studio Version 16
VisualStudioVersion = 16.0.29806.167
MinimumVisualStudioVersion = 10.0.40219.1
Project("{FAE04EC0-301F-11D3-BF4B-00C04F79EFBC}") = "methodwithnoparameters", "methodwithnoparameters\methodwithnoparameters.csproj", "{0BD7651E-45AD-413C-836B-C4F43626EEBE}"
EndProject
Global
	GlobalSection(SolutionConfigurationPlatforms) = preSolution
		Debug|Any CPU = Debug|Any CPU
		Release|Any CPU = Release|Any CPU
	EndGlobalSection
	GlobalSection(ProjectConfigurationPlatforms) = postSolution
		{0BD7651E-45AD-413C-836B-C4F43626EEBE}.Debug|Any CPU.ActiveCfg = Debug|Any CPU
		{0BD7651E-45AD-413C-836B-C4F43626EEBE}.Debug|Any CPU.Build.0 = Debug|Any CPU
		{0BD7651E-45AD-413C-836B-C4F43626EEBE}.Release|Any CPU.ActiveCfg = Release|Any CPU
		{0BD7651E-45AD-413C-836B-C4F43626EEBE}.Release|Any CPU.Build.0 = Release|Any CPU
	EndGlobalSection
	GlobalSection(SolutionProperties) = preSolution
		HideSolutionNode = FALSE
	EndGlobalSection
	GlobalSection(ExtensibilityGlobals) = postSolution
		SolutionGuid = {AE390B76-E201-424E-BCC7-F64793EDD233}
	EndGlobalSection
EndGlobal
